
Microsoft Visual Studio Solution File, Format Version 12.00
# Visual Studio Version 16
VisualStudioVersion = 16.0.30204.135
MinimumVisualStudioVersion = 10.0.40219.1
Project("{FAE04EC0-301F-11D3-BF4B-00C04F79EFBC}") = "opakovaniNaTest", "opakovaniNaTest\opakovaniNaTest.csproj", "{DFD4EBB4-5AAD-40C1-8F2B-FF4020FC46A7}"
EndProject
Global
	GlobalSection(SolutionConfigurationPlatforms) = preSolution
		Debug|Any CPU = Debug|Any CPU
		Release|Any CPU = Release|Any CPU
	EndGlobalSection
	GlobalSection(ProjectConfigurationPlatforms) = postSolution
		{DFD4EBB4-5AAD-40C1-8F2B-FF4020FC46A7}.Debug|Any CPU.ActiveCfg = Debug|Any CPU
		{DFD4EBB4-5AAD-40C1-8F2B-FF4020FC46A7}.Debug|Any CPU.Build.0 = Debug|Any CPU
		{DFD4EBB4-5AAD-40C1-8F2B-FF4020FC46A7}.Release|Any CPU.ActiveCfg = Release|Any CPU
		{DFD4EBB4-5AAD-40C1-8F2B-FF4020FC46A7}.Release|Any CPU.Build.0 = Release|Any CPU
	EndGlobalSection
	GlobalSection(SolutionProperties) = preSolution
		HideSolutionNode = FALSE
	EndGlobalSection
	GlobalSection(ExtensibilityGlobals) = postSolution
		SolutionGuid = {B31DFDE0-4CFB-48AF-96F0-AFA71F17597F}
	EndGlobalSection
EndGlobal
